
Microsoft Visual Studio Solution File, Format Version 12.00
# Visual Studio Version 17
VisualStudioVersion = 17.8.34330.188
MinimumVisualStudioVersion = 10.0.40219.1
Project("{FAE04EC0-301F-11D3-BF4B-00C04F79EFBC}") = "UnitystationLauncher", "UnitystationLauncher\UnitystationLauncher.csproj", "{B7F5B4B3-BD06-46DF-AD15-634B00004CDB}"
EndProject
Project("{FAE04EC0-301F-11D3-BF4B-00C04F79EFBC}") = "UnitystationLauncher.Tests", "UnitystationLauncher.Tests\UnitystationLauncher.Tests.csproj", "{FC971561-155A-4B54-9977-203EA22663CB}"
EndProject
Global
	GlobalSection(SolutionConfigurationPlatforms) = preSolution
		Debug|Any CPU = Debug|Any CPU
		Debug|x64 = Debug|x64
		Release|Any CPU = Release|Any CPU
		Release|x64 = Release|x64
		ReleaseOSX|Any CPU = ReleaseOSX|Any CPU
		ReleaseOSX|x64 = ReleaseOSX|x64
		ReleasePOSIX64|Any CPU = ReleasePOSIX64|Any CPU
		ReleasePOSIX64|x64 = ReleasePOSIX64|x64
		ReleaseWIN64|Any CPU = ReleaseWIN64|Any CPU
		ReleaseWIN64|x64 = ReleaseWIN64|x64
	EndGlobalSection
	GlobalSection(ProjectConfigurationPlatforms) = postSolution
		{B7F5B4B3-BD06-46DF-AD15-634B00004CDB}.Debug|Any CPU.ActiveCfg = Debug|Any CPU
		{B7F5B4B3-BD06-46DF-AD15-634B00004CDB}.Debug|Any CPU.Build.0 = Debug|Any CPU
		{B7F5B4B3-BD06-46DF-AD15-634B00004CDB}.Debug|x64.ActiveCfg = Debug|x64
		{B7F5B4B3-BD06-46DF-AD15-634B00004CDB}.Debug|x64.Build.0 = Debug|x64
		{B7F5B4B3-BD06-46DF-AD15-634B00004CDB}.Release|Any CPU.ActiveCfg = Release|Any CPU
		{B7F5B4B3-BD06-46DF-AD15-634B00004CDB}.Release|Any CPU.Build.0 = Release|Any CPU
		{B7F5B4B3-BD06-46DF-AD15-634B00004CDB}.Release|x64.ActiveCfg = Release|x64
		{B7F5B4B3-BD06-46DF-AD15-634B00004CDB}.Release|x64.Build.0 = Release|x64
		{B7F5B4B3-BD06-46DF-AD15-634B00004CDB}.ReleaseOSX|Any CPU.ActiveCfg = ReleaseOSX|x64
		{B7F5B4B3-BD06-46DF-AD15-634B00004CDB}.ReleaseOSX|Any CPU.Build.0 = ReleaseOSX|x64
		{B7F5B4B3-BD06-46DF-AD15-634B00004CDB}.ReleaseOSX|x64.ActiveCfg = ReleaseOSX|x64
		{B7F5B4B3-BD06-46DF-AD15-634B00004CDB}.ReleaseOSX|x64.Build.0 = ReleaseOSX|x64
		{B7F5B4B3-BD06-46DF-AD15-634B00004CDB}.ReleasePOSIX64|Any CPU.ActiveCfg = ReleasePOSIX64|Any CPU
		{B7F5B4B3-BD06-46DF-AD15-634B00004CDB}.ReleasePOSIX64|Any CPU.Build.0 = ReleasePOSIX64|Any CPU
		{B7F5B4B3-BD06-46DF-AD15-634B00004CDB}.ReleasePOSIX64|x64.ActiveCfg = ReleasePOSIX64|x64
		{B7F5B4B3-BD06-46DF-AD15-634B00004CDB}.ReleasePOSIX64|x64.Build.0 = ReleasePOSIX64|x64
		{B7F5B4B3-BD06-46DF-AD15-634B00004CDB}.ReleaseWIN64|Any CPU.ActiveCfg = ReleaseWIN64|Any CPU
		{B7F5B4B3-BD06-46DF-AD15-634B00004CDB}.ReleaseWIN64|Any CPU.Build.0 = ReleaseWIN64|Any CPU
		{B7F5B4B3-BD06-46DF-AD15-634B00004CDB}.ReleaseWIN64|x64.ActiveCfg = ReleaseWIN64|x64
		{B7F5B4B3-BD06-46DF-AD15-634B00004CDB}.ReleaseWIN64|x64.Build.0 = ReleaseWIN64|x64
		{FC971561-155A-4B54-9977-203EA22663CB}.Debug|Any CPU.ActiveCfg = Debug|Any CPU
		{FC971561-155A-4B54-9977-203EA22663CB}.Debug|Any CPU.Build.0 = Debug|Any CPU
		{FC971561-155A-4B54-9977-203EA22663CB}.Debug|x64.ActiveCfg = Debug|Any CPU
		{FC971561-155A-4B54-9977-203EA22663CB}.Debug|x64.Build.0 = Debug|Any CPU
		{FC971561-155A-4B54-9977-203EA22663CB}.Release|Any CPU.ActiveCfg = Release|Any CPU
		{FC971561-155A-4B54-9977-203EA22663CB}.Release|Any CPU.Build.0 = Release|Any CPU
		{FC971561-155A-4B54-9977-203EA22663CB}.Release|x64.ActiveCfg = Release|Any CPU
		{FC971561-155A-4B54-9977-203EA22663CB}.Release|x64.Build.0 = Release|Any CPU
		{FC971561-155A-4B54-9977-203EA22663CB}.ReleaseOSX|Any CPU.ActiveCfg = Release|Any CPU
		{FC971561-155A-4B54-9977-203EA22663CB}.ReleaseOSX|Any CPU.Build.0 = Release|Any CPU
		{FC971561-155A-4B54-9977-203EA22663CB}.ReleaseOSX|x64.ActiveCfg = Debug|Any CPU
		{FC971561-155A-4B54-9977-203EA22663CB}.ReleaseOSX|x64.Build.0 = Debug|Any CPU
		{FC971561-155A-4B54-9977-203EA22663CB}.ReleasePOSIX64|Any CPU.ActiveCfg = Debug|Any CPU
		{FC971561-155A-4B54-9977-203EA22663CB}.ReleasePOSIX64|Any CPU.Build.0 = Debug|Any CPU
		{FC971561-155A-4B54-9977-203EA22663CB}.ReleasePOSIX64|x64.ActiveCfg = Debug|Any CPU
		{FC971561-155A-4B54-9977-203EA22663CB}.ReleasePOSIX64|x64.Build.0 = Debug|Any CPU
		{FC971561-155A-4B54-9977-203EA22663CB}.ReleaseWIN64|Any CPU.ActiveCfg = Debug|Any CPU
		{FC971561-155A-4B54-9977-203EA22663CB}.ReleaseWIN64|Any CPU.Build.0 = Debug|Any CPU
		{FC971561-155A-4B54-9977-203EA22663CB}.ReleaseWIN64|x64.ActiveCfg = Debug|Any CPU
		{FC971561-155A-4B54-9977-203EA22663CB}.ReleaseWIN64|x64.Build.0 = Debug|Any CPU
	EndGlobalSection
	GlobalSection(SolutionProperties) = preSolution
		HideSolutionNode = FALSE
	EndGlobalSection
	GlobalSection(ExtensibilityGlobals) = postSolution
		SolutionGuid = {64162598-D2E6-4D45-AF9B-351EF0270DD5}
	EndGlobalSection
EndGlobal
